
Microsoft Visual Studio Solution File, Format Version 12.00
# Visual Studio Version 16
VisualStudioVersion = 16.0.31321.278
MinimumVisualStudioVersion = 10.0.40219.1
Project("{FAE04EC0-301F-11D3-BF4B-00C04F79EFBC}") = "Avanade.SubTCSE.Projeto.Api", "Avanade.SubTCSE.Projeto.Api\Avanade.SubTCSE.Projeto.Api.csproj", "{536F5459-009E-4D26-83CC-185C4DA08A40}"
EndProject
Global
	GlobalSection(SolutionConfigurationPlatforms) = preSolution
		Debug|Any CPU = Debug|Any CPU
		Release|Any CPU = Release|Any CPU
	EndGlobalSection
	GlobalSection(ProjectConfigurationPlatforms) = postSolution
		{536F5459-009E-4D26-83CC-185C4DA08A40}.Debug|Any CPU.ActiveCfg = Debug|Any CPU
		{536F5459-009E-4D26-83CC-185C4DA08A40}.Debug|Any CPU.Build.0 = Debug|Any CPU
		{536F5459-009E-4D26-83CC-185C4DA08A40}.Release|Any CPU.ActiveCfg = Release|Any CPU
		{536F5459-009E-4D26-83CC-185C4DA08A40}.Release|Any CPU.Build.0 = Release|Any CPU
	EndGlobalSection
	GlobalSection(SolutionProperties) = preSolution
		HideSolutionNode = FALSE
	EndGlobalSection
	GlobalSection(ExtensibilityGlobals) = postSolution
		SolutionGuid = {8F408C9D-482D-4E46-B594-283B05D85386}
	EndGlobalSection
EndGlobal
